// !$*UTF8*$!
{
	archiveVersion = 1;
	classes = {
	};
	objectVersion = 77;
	objects = {

/* Begin PBXBuildFile section */
		20CF66E32DE4132D005682AE /* QiscusMultichannelWidget in Frameworks */ = {isa = PBXBuildFile; productRef = 20CF66E22DE4132D005682AE /* QiscusMultichannelWidget */; };
		20CF66E42DE5AC64005682AE /* QiscusMultichannelWidget in Frameworks */ = {isa = PBXBuildFile; productRef = 20E267482DE0BA37002B38AC /* QiscusMultichannelWidget */; };
		20CF66E52DE5AC64005682AE /* QiscusCore in Frameworks */ = {isa = PBXBuildFile; productRef = 20E2674B2DE0BD4E002B38AC /* QiscusCore */; };
		20EE9F692E12679200FC278F /* QiscusMultichannelWidget in Frameworks */ = {isa = PBXBuildFile; productRef = 20EE9F682E12679200FC278F /* QiscusMultichannelWidget */; };
		20EE9F752E127C3200FC278F /* QiscusMultichannelWidget in Frameworks */ = {isa = PBXBuildFile; productRef = 20EE9F742E127C3200FC278F /* QiscusMultichannelWidget */; };
		20EE9F932E127C9F00FC278F /* QiscusMultichannelWidget in Frameworks */ = {isa = PBXBuildFile; productRef = 20EE9F922E127C9F00FC278F /* QiscusMultichannelWidget */; };
		20EE9FC02E127F7A00FC278F /* QiscusMultichannelWidget in Frameworks */ = {isa = PBXBuildFile; productRef = 20EE9FBF2E127F7A00FC278F /* QiscusMultichannelWidget */; };
		20EE9FC42E12806600FC278F /* QiscusMultichannelWidget in Frameworks */ = {isa = PBXBuildFile; productRef = 20EE9FC32E12806600FC278F /* QiscusMultichannelWidget */; };
		20EE9FCA2E12817000FC278F /* QiscusMultichannelWidget in Frameworks */ = {isa = PBXBuildFile; productRef = 20EE9FC92E12817000FC278F /* QiscusMultichannelWidget */; };
		20EE9FCD2E12824800FC278F /* QiscusMultichannelWidget in Frameworks */ = {isa = PBXBuildFile; productRef = 20EE9FCC2E12824800FC278F /* QiscusMultichannelWidget */; };
		20EE9FD02E12836700FC278F /* QiscusMultichannelWidget in Frameworks */ = {isa = PBXBuildFile; productRef = 20EE9FCF2E12836700FC278F /* QiscusMultichannelWidget */; };
/* End PBXBuildFile section */

/* Begin PBXFileReference section */
		20E2670B2DE09BDB002B38AC /* Example.app */ = {isa = PBXFileReference; explicitFileType = wrapper.application; includeInIndex = 0; path = Example.app; sourceTree = BUILT_PRODUCTS_DIR; };
/* End PBXFileReference section */

/* Begin PBXFileSystemSynchronizedBuildFileExceptionSet section */
		20E2671D2DE09BDD002B38AC /* Exceptions for "Example" folder in "Example" target */ = {
			isa = PBXFileSystemSynchronizedBuildFileExceptionSet;
			membershipExceptions = (
				Info.plist,
			);
			target = 20E2670A2DE09BDB002B38AC /* Example */;
		};
/* End PBXFileSystemSynchronizedBuildFileExceptionSet section */

/* Begin PBXFileSystemSynchronizedRootGroup section */
		20E2670D2DE09BDB002B38AC /* Example */ = {
			isa = PBXFileSystemSynchronizedRootGroup;
			exceptions = (
				20E2671D2DE09BDD002B38AC /* Exceptions for "Example" folder in "Example" target */,
			);
			path = Example;
			sourceTree = "<group>";
		};
/* End PBXFileSystemSynchronizedRootGroup section */

/* Begin PBXFrameworksBuildPhase section */
		20E267082DE09BDB002B38AC /* Frameworks */ = {
			isa = PBXFrameworksBuildPhase;
			buildActionMask = 2147483647;
			files = (
				20EE9FC42E12806600FC278F /* QiscusMultichannelWidget in Frameworks */,
				20EE9F692E12679200FC278F /* QiscusMultichannelWidget in Frameworks */,
				20EE9FCD2E12824800FC278F /* QiscusMultichannelWidget in Frameworks */,
				20CF66E52DE5AC64005682AE /* QiscusCore in Frameworks */,
				20EE9F752E127C3200FC278F /* QiscusMultichannelWidget in Frameworks */,
				20CF66E42DE5AC64005682AE /* QiscusMultichannelWidget in Frameworks */,
				20EE9F932E127C9F00FC278F /* QiscusMultichannelWidget in Frameworks */,
				20EE9FC02E127F7A00FC278F /* QiscusMultichannelWidget in Frameworks */,
				20EE9FCA2E12817000FC278F /* QiscusMultichannelWidget in Frameworks */,
				20CF66E32DE4132D005682AE /* QiscusMultichannelWidget in Frameworks */,
				20EE9FD02E12836700FC278F /* QiscusMultichannelWidget in Frameworks */,
			);
			runOnlyForDeploymentPostprocessing = 0;
		};
/* End PBXFrameworksBuildPhase section */

/* Begin PBXGroup section */
		20E267022DE09BDB002B38AC = {
			isa = PBXGroup;
			children = (
				20E2670D2DE09BDB002B38AC /* Example */,
				20E267442DE0A581002B38AC /* Frameworks */,
				20E2670C2DE09BDB002B38AC /* Products */,
			);
			sourceTree = "<group>";
		};
		20E2670C2DE09BDB002B38AC /* Products */ = {
			isa = PBXGroup;
			children = (
				20E2670B2DE09BDB002B38AC /* Example.app */,
			);
			name = Products;
			sourceTree = "<group>";
		};
		20E267442DE0A581002B38AC /* Frameworks */ = {
			isa = PBXGroup;
			children = (
			);
			name = Frameworks;
			sourceTree = "<group>";
		};
/* End PBXGroup section */

/* Begin PBXNativeTarget section */
		20E2670A2DE09BDB002B38AC /* Example */ = {
			isa = PBXNativeTarget;
			buildConfigurationList = 20E2671E2DE09BDD002B38AC /* Build configuration list for PBXNativeTarget "Example" */;
			buildPhases = (
				20E267072DE09BDB002B38AC /* Sources */,
				20E267082DE09BDB002B38AC /* Frameworks */,
				20E267092DE09BDB002B38AC /* Resources */,
			);
			buildRules = (
			);
			dependencies = (
			);
			fileSystemSynchronizedGroups = (
				20E2670D2DE09BDB002B38AC /* Example */,
			);
			name = Example;
			packageProductDependencies = (
				20E267482DE0BA37002B38AC /* QiscusMultichannelWidget */,
				20E2674B2DE0BD4E002B38AC /* QiscusCore */,
				20CF66E22DE4132D005682AE /* QiscusMultichannelWidget */,
				20EE9F682E12679200FC278F /* QiscusMultichannelWidget */,
				20EE9F742E127C3200FC278F /* QiscusMultichannelWidget */,
				20EE9F922E127C9F00FC278F /* QiscusMultichannelWidget */,
				20EE9FBF2E127F7A00FC278F /* QiscusMultichannelWidget */,
				20EE9FC32E12806600FC278F /* QiscusMultichannelWidget */,
				20EE9FC92E12817000FC278F /* QiscusMultichannelWidget */,
				20EE9FCC2E12824800FC278F /* QiscusMultichannelWidget */,
				20EE9FCF2E12836700FC278F /* QiscusMultichannelWidget */,
			);
			productName = Example;
			productReference = 20E2670B2DE09BDB002B38AC /* Example.app */;
			productType = "com.apple.product-type.application";
		};
/* End PBXNativeTarget section */

/* Begin PBXProject section */
		20E267032DE09BDB002B38AC /* Project object */ = {
			isa = PBXProject;
			attributes = {
				BuildIndependentTargetsInParallel = 1;
				LastSwiftUpdateCheck = 1620;
				LastUpgradeCheck = 1620;
				TargetAttributes = {
					20E2670A2DE09BDB002B38AC = {
						CreatedOnToolsVersion = 16.2;
					};
				};
			};
			buildConfigurationList = 20E267062DE09BDB002B38AC /* Build configuration list for PBXProject "Example" */;
			developmentRegion = en;
			hasScannedForEncodings = 0;
			knownRegions = (
				en,
				Base,
			);
			mainGroup = 20E267022DE09BDB002B38AC;
			minimizedProjectReferenceProxies = 1;
			packageReferences = (
				20EE9FCE2E12836700FC278F /* XCLocalSwiftPackageReference "../../../qiscus-multichannel-widget-ios" */,
			);
			preferredProjectObjectVersion = 77;
			productRefGroup = 20E2670C2DE09BDB002B38AC /* Products */;
			projectDirPath = "";
			projectRoot = "";
			targets = (
				20E2670A2DE09BDB002B38AC /* Example */,
			);
		};
/* End PBXProject section */

/* Begin PBXResourcesBuildPhase section */
		20E267092DE09BDB002B38AC /* Resources */ = {
			isa = PBXResourcesBuildPhase;
			buildActionMask = 2147483647;
			files = (
			);
			runOnlyForDeploymentPostprocessing = 0;
		};
/* End PBXResourcesBuildPhase section */

/* Begin PBXSourcesBuildPhase section */
		20E267072DE09BDB002B38AC /* Sources */ = {
			isa = PBXSourcesBuildPhase;
			buildActionMask = 2147483647;
			files = (
			);
			runOnlyForDeploymentPostprocessing = 0;
		};
/* End PBXSourcesBuildPhase section */

/* Begin XCBuildConfiguration section */
		20E2671F2DE09BDD002B38AC /* Debug */ = {
			isa = XCBuildConfiguration;
			buildSettings = {
				ASSETCATALOG_COMPILER_APPICON_NAME = AppIcon;
				ASSETCATALOG_COMPILER_GLOBAL_ACCENT_COLOR_NAME = AccentColor;
				CODE_SIGN_STYLE = Automatic;
				CURRENT_PROJECT_VERSION = 1;
				DEVELOPMENT_TEAM = CKU8534HU9;
				GENERATE_INFOPLIST_FILE = YES;
				INFOPLIST_FILE = Example/Info.plist;
				INFOPLIST_KEY_UIApplicationSupportsIndirectInputEvents = YES;
				INFOPLIST_KEY_UILaunchStoryboardName = LaunchScreen;
				INFOPLIST_KEY_UIMainStoryboardFile = Main;
				INFOPLIST_KEY_UISupportedInterfaceOrientations_iPad = "UIInterfaceOrientationPortrait UIInterfaceOrientationPortraitUpsideDown UIInterfaceOrientationLandscapeLeft UIInterfaceOrientationLandscapeRight";
				INFOPLIST_KEY_UISupportedInterfaceOrientations_iPhone = "UIInterfaceOrientationPortrait UIInterfaceOrientationLandscapeLeft UIInterfaceOrientationLandscapeRight";
				LD_RUNPATH_SEARCH_PATHS = (
					"$(inherited)",
					"@executable_path/Frameworks",
				);
				MARKETING_VERSION = 1.0;
				PRODUCT_BUNDLE_IDENTIFIER = com.qiscus.example.spm.Example;
				PRODUCT_NAME = "$(TARGET_NAME)";
				SWIFT_EMIT_LOC_STRINGS = YES;
				SWIFT_VERSION = 5.0;
				TARGETED_DEVICE_FAMILY = "1,2";
			};
			name = Debug;
		};
		20E267202DE09BDD002B38AC /* Release */ = {
			isa = XCBuildConfiguration;
			buildSettings = {
				ASSETCATALOG_COMPILER_APPICON_NAME = AppIcon;
				ASSETCATALOG_COMPILER_GLOBAL_ACCENT_COLOR_NAME = AccentColor;
				CODE_SIGN_STYLE = Automatic;
				CURRENT_PROJECT_VERSION = 1;
				DEVELOPMENT_TEAM = CKU8534HU9;
				GENERATE_INFOPLIST_FILE = YES;
				INFOPLIST_FILE = Example/Info.plist;
				INFOPLIST_KEY_UIApplicationSupportsIndirectInputEvents = YES;
				INFOPLIST_KEY_UILaunchStoryboardName = LaunchScreen;
				INFOPLIST_KEY_UIMainStoryboardFile = Main;
				INFOPLIST_KEY_UISupportedInterfaceOrientations_iPad = "UIInterfaceOrientationPortrait UIInterfaceOrientationPortraitUpsideDown UIInterfaceOrientationLandscapeLeft UIInterfaceOrientationLandscapeRight";
				INFOPLIST_KEY_UISupportedInterfaceOrientations_iPhone = "UIInterfaceOrientationPortrait UIInterfaceOrientationLandscapeLeft UIInterfaceOrientationLandscapeRight";
				LD_RUNPATH_SEARCH_PATHS = (
					"$(inherited)",
					"@executable_path/Frameworks",
				);
				MARKETING_VERSION = 1.0;
				PRODUCT_BUNDLE_IDENTIFIER = com.qiscus.example.spm.Example;
				PRODUCT_NAME = "$(TARGET_NAME)";
				SWIFT_EMIT_LOC_STRINGS = YES;
				SWIFT_VERSION = 5.0;
				TARGETED_DEVICE_FAMILY = "1,2";
			};
			name = Release;
		};
		20E267212DE09BDD002B38AC /* Debug */ = {
			isa = XCBuildConfiguration;
			buildSettings = {
				ALWAYS_SEARCH_USER_PATHS = NO;
				ASSETCATALOG_COMPILER_GENERATE_SWIFT_ASSET_SYMBOL_EXTENSIONS = YES;
				CLANG_ANALYZER_NONNULL = YES;
				CLANG_ANALYZER_NUMBER_OBJECT_CONVERSION = YES_AGGRESSIVE;
				CLANG_CXX_LANGUAGE_STANDARD = "gnu++20";
				CLANG_ENABLE_MODULES = YES;
				CLANG_ENABLE_OBJC_ARC = YES;
				CLANG_ENABLE_OBJC_WEAK = YES;
				CLANG_WARN_BLOCK_CAPTURE_AUTORELEASING = YES;
				CLANG_WARN_BOOL_CONVERSION = YES;
				CLANG_WARN_COMMA = YES;
				CLANG_WARN_CONSTANT_CONVERSION = YES;
				CLANG_WARN_DEPRECATED_OBJC_IMPLEMENTATIONS = YES;
				CLANG_WARN_DIRECT_OBJC_ISA_USAGE = YES_ERROR;
				CLANG_WARN_DOCUMENTATION_COMMENTS = YES;
				CLANG_WARN_EMPTY_BODY = YES;
				CLANG_WARN_ENUM_CONVERSION = YES;
				CLANG_WARN_INFINITE_RECURSION = YES;
				CLANG_WARN_INT_CONVERSION = YES;
				CLANG_WARN_NON_LITERAL_NULL_CONVERSION = YES;
				CLANG_WARN_OBJC_IMPLICIT_RETAIN_SELF = YES;
				CLANG_WARN_OBJC_LITERAL_CONVERSION = YES;
				CLANG_WARN_OBJC_ROOT_CLASS = YES_ERROR;
				CLANG_WARN_QUOTED_INCLUDE_IN_FRAMEWORK_HEADER = YES;
				CLANG_WARN_RANGE_LOOP_ANALYSIS = YES;
				CLANG_WARN_STRICT_PROTOTYPES = YES;
				CLANG_WARN_SUSPICIOUS_MOVE = YES;
				CLANG_WARN_UNGUARDED_AVAILABILITY = YES_AGGRESSIVE;
				CLANG_WARN_UNREACHABLE_CODE = YES;
				CLANG_WARN__DUPLICATE_METHOD_MATCH = YES;
				COPY_PHASE_STRIP = NO;
				DEBUG_INFORMATION_FORMAT = dwarf;
				ENABLE_STRICT_OBJC_MSGSEND = YES;
				ENABLE_TESTABILITY = YES;
				ENABLE_USER_SCRIPT_SANDBOXING = YES;
				GCC_C_LANGUAGE_STANDARD = gnu17;
				GCC_DYNAMIC_NO_PIC = NO;
				GCC_NO_COMMON_BLOCKS = YES;
				GCC_OPTIMIZATION_LEVEL = 0;
				GCC_PREPROCESSOR_DEFINITIONS = (
					"DEBUG=1",
					"$(inherited)",
				);
				GCC_WARN_64_TO_32_BIT_CONVERSION = YES;
				GCC_WARN_ABOUT_RETURN_TYPE = YES_ERROR;
				GCC_WARN_UNDECLARED_SELECTOR = YES;
				GCC_WARN_UNINITIALIZED_AUTOS = YES_AGGRESSIVE;
				GCC_WARN_UNUSED_FUNCTION = YES;
				GCC_WARN_UNUSED_VARIABLE = YES;
				IPHONEOS_DEPLOYMENT_TARGET = 18.2;
				LOCALIZATION_PREFERS_STRING_CATALOGS = YES;
				MTL_ENABLE_DEBUG_INFO = INCLUDE_SOURCE;
				MTL_FAST_MATH = YES;
				ONLY_ACTIVE_ARCH = YES;
				SDKROOT = iphoneos;
				SWIFT_ACTIVE_COMPILATION_CONDITIONS = "DEBUG $(inherited)";
				SWIFT_OPTIMIZATION_LEVEL = "-Onone";
			};
			name = Debug;
		};
		20E267222DE09BDD002B38AC /* Release */ = {
			isa = XCBuildConfiguration;
			buildSettings = {
				ALWAYS_SEARCH_USER_PATHS = NO;
				ASSETCATALOG_COMPILER_GENERATE_SWIFT_ASSET_SYMBOL_EXTENSIONS = YES;
				CLANG_ANALYZER_NONNULL = YES;
				CLANG_ANALYZER_NUMBER_OBJECT_CONVERSION = YES_AGGRESSIVE;
				CLANG_CXX_LANGUAGE_STANDARD = "gnu++20";
				CLANG_ENABLE_MODULES = YES;
				CLANG_ENABLE_OBJC_ARC = YES;
				CLANG_ENABLE_OBJC_WEAK = YES;
				CLANG_WARN_BLOCK_CAPTURE_AUTORELEASING = YES;
				CLANG_WARN_BOOL_CONVERSION = YES;
				CLANG_WARN_COMMA = YES;
				CLANG_WARN_CONSTANT_CONVERSION = YES;
				CLANG_WARN_DEPRECATED_OBJC_IMPLEMENTATIONS = YES;
				CLANG_WARN_DIRECT_OBJC_ISA_USAGE = YES_ERROR;
				CLANG_WARN_DOCUMENTATION_COMMENTS = YES;
				CLANG_WARN_EMPTY_BODY = YES;
				CLANG_WARN_ENUM_CONVERSION = YES;
				CLANG_WARN_INFINITE_RECURSION = YES;
				CLANG_WARN_INT_CONVERSION = YES;
				CLANG_WARN_NON_LITERAL_NULL_CONVERSION = YES;
				CLANG_WARN_OBJC_IMPLICIT_RETAIN_SELF = YES;
				CLANG_WARN_OBJC_LITERAL_CONVERSION = YES;
				CLANG_WARN_OBJC_ROOT_CLASS = YES_ERROR;
				CLANG_WARN_QUOTED_INCLUDE_IN_FRAMEWORK_HEADER = YES;
				CLANG_WARN_RANGE_LOOP_ANALYSIS = YES;
				CLANG_WARN_STRICT_PROTOTYPES = YES;
				CLANG_WARN_SUSPICIOUS_MOVE = YES;
				CLANG_WARN_UNGUARDED_AVAILABILITY = YES_AGGRESSIVE;
				CLANG_WARN_UNREACHABLE_CODE = YES;
				CLANG_WARN__DUPLICATE_METHOD_MATCH = YES;
				COPY_PHASE_STRIP = NO;
				DEBUG_INFORMATION_FORMAT = "dwarf-with-dsym";
				ENABLE_NS_ASSERTIONS = NO;
				ENABLE_STRICT_OBJC_MSGSEND = YES;
				ENABLE_USER_SCRIPT_SANDBOXING = YES;
				GCC_C_LANGUAGE_STANDARD = gnu17;
				GCC_NO_COMMON_BLOCKS = YES;
				GCC_WARN_64_TO_32_BIT_CONVERSION = YES;
				GCC_WARN_ABOUT_RETURN_TYPE = YES_ERROR;
				GCC_WARN_UNDECLARED_SELECTOR = YES;
				GCC_WARN_UNINITIALIZED_AUTOS = YES_AGGRESSIVE;
				GCC_WARN_UNUSED_FUNCTION = YES;
				GCC_WARN_UNUSED_VARIABLE = YES;
				IPHONEOS_DEPLOYMENT_TARGET = 18.2;
				LOCALIZATION_PREFERS_STRING_CATALOGS = YES;
				MTL_ENABLE_DEBUG_INFO = NO;
				MTL_FAST_MATH = YES;
				SDKROOT = iphoneos;
				SWIFT_COMPILATION_MODE = wholemodule;
				VALIDATE_PRODUCT = YES;
			};
			name = Release;
		};
/* End XCBuildConfiguration section */

/* Begin XCConfigurationList section */
		20E267062DE09BDB002B38AC /* Build configuration list for PBXProject "Example" */ = {
			isa = XCConfigurationList;
			buildConfigurations = (
				20E267212DE09BDD002B38AC /* Debug */,
				20E267222DE09BDD002B38AC /* Release */,
			);
			defaultConfigurationIsVisible = 0;
			defaultConfigurationName = Release;
		};
		20E2671E2DE09BDD002B38AC /* Build configuration list for PBXNativeTarget "Example" */ = {
			isa = XCConfigurationList;
			buildConfigurations = (
				20E2671F2DE09BDD002B38AC /* Debug */,
				20E267202DE09BDD002B38AC /* Release */,
			);
			defaultConfigurationIsVisible = 0;
			defaultConfigurationName = Release;
		};
/* End XCConfigurationList section */

/* Begin XCLocalSwiftPackageReference section */
		20EE9FCE2E12836700FC278F /* XCLocalSwiftPackageReference "../../../qiscus-multichannel-widget-ios" */ = {
			isa = XCLocalSwiftPackageReference;
			relativePath = "../../../qiscus-multichannel-widget-ios";
		};
/* End XCLocalSwiftPackageReference section */

/* Begin XCSwiftPackageProductDependency section */
		20CF66E22DE4132D005682AE /* QiscusMultichannelWidget */ = {
			isa = XCSwiftPackageProductDependency;
			productName = QiscusMultichannelWidget;
		};
		20E267482DE0BA37002B38AC /* QiscusMultichannelWidget */ = {
			isa = XCSwiftPackageProductDependency;
			productName = QiscusMultichannelWidget;
		};
		20E2674B2DE0BD4E002B38AC /* QiscusCore */ = {
			isa = XCSwiftPackageProductDependency;
			productName = QiscusCore;
		};
		20EE9F682E12679200FC278F /* QiscusMultichannelWidget */ = {
			isa = XCSwiftPackageProductDependency;
			productName = QiscusMultichannelWidget;
		};
		20EE9F742E127C3200FC278F /* QiscusMultichannelWidget */ = {
			isa = XCSwiftPackageProductDependency;
			productName = QiscusMultichannelWidget;
		};
		20EE9F922E127C9F00FC278F /* QiscusMultichannelWidget */ = {
			isa = XCSwiftPackageProductDependency;
			productName = QiscusMultichannelWidget;
		};
		20EE9FBF2E127F7A00FC278F /* QiscusMultichannelWidget */ = {
			isa = XCSwiftPackageProductDependency;
			productName = QiscusMultichannelWidget;
		};
		20EE9FC32E12806600FC278F /* QiscusMultichannelWidget */ = {
			isa = XCSwiftPackageProductDependency;
			productName = QiscusMultichannelWidget;
		};
		20EE9FC92E12817000FC278F /* QiscusMultichannelWidget */ = {
			isa = XCSwiftPackageProductDependency;
			productName = QiscusMultichannelWidget;
		};
		20EE9FCC2E12824800FC278F /* QiscusMultichannelWidget */ = {
			isa = XCSwiftPackageProductDependency;
			productName = QiscusMultichannelWidget;
		};
		20EE9FCF2E12836700FC278F /* QiscusMultichannelWidget */ = {
			isa = XCSwiftPackageProductDependency;
			productName = QiscusMultichannelWidget;
		};
/* End XCSwiftPackageProductDependency section */
	};
	rootObject = 20E267032DE09BDB002B38AC /* Project object */;
}
